{
  "name": "@qwenpaw/sdk",
  "version": "0.1.0",
  "lockfileVersion": 3,
  "requires": true,
  "packages": {
    "": {
      "name": "@qwenpaw/sdk",
      "version": "0.1.0",
      "license": "Apache-2.0",
      "devDependencies": {
        "@qwenpaw/client": "file:../qwenpaw-client",
        "@types/node": "^22.0.0",
        "typescript": "~5.8.3"
      },
      "engines": {
        "node": ">=20"
      },
      "peerDependencies": {
        "@qwenpaw/client": "^0.1.0"
      }
    },
    "../qwenpaw-client": {
      "name": "@qwenpaw/client",
      "version": "0.1.0",
      "dev": true,
      "license": "Apache-2.0",
      "devDependencies": {
        "typescript": "~5.8.3"
      },
      "engines": {
        "node": ">=18"
      }
    },
    "node_modules/@qwenpaw/client": {
      "resolved": "../qwenpaw-client",
      "link": true
    },
    "node_modules/@types/node": {
      "version": "22.20.5",
      "resolved": "https://registry.anpm.alibaba-inc.com/@types/node/-/node-22.20.5.tgz",
      "integrity": "sha512-U2+DNr+wSjpsTS/wZGYHq7GcwfuSmKiKvoPvK22zwTlRhU91yOniN4qRR5KhIjvif7ysw/dz/hKmfDH0Ris4aA==",
      "dev": true,
      "license": "MIT",
      "dependencies": {
        "undici-types": "~6.21.0"
      }
    },
    "node_modules/typescript": {
      "version": "5.8.3",
      "resolved": "https://registry.anpm.alibaba-inc.com/typescript/-/typescript-5.8.3.tgz",
      "integrity": "sha512-p1diW6TqL9L07nNxvRMM7hMMw4c5XOo/1ibL4aAIGmSAt9slTE1Xgw5KWuof2uTOvCg9BY7ZRi+GaF+7sfgPeQ==",
      "dev": true,
      "license": "Apache-2.0",
      "bin": {
        "tsc": "bin/tsc",
        "tsserver": "bin/tsserver"
      },
      "engines": {
        "node": ">=14.17"
      }
    },
    "node_modules/undici-types": {
      "version": "6.21.0",
      "resolved": "https://registry.anpm.alibaba-inc.com/undici-types/-/undici-types-6.21.0.tgz",
      "integrity": "sha512-iwDZqg0QAGrg9Rav5H4n0M64c3mkR59cJ6wQp+7C4nI0gsmExaedaYLNO44eT4AtBBwjbTiGPMlt2Md0T9H9JQ==",
      "dev": true,
      "license": "MIT"
    }
  }
}
